{
	"dependencies": {
		"arisu-app": {
			"path": "../arisu-app"
		},
		"arisu-image": {
			"path": "../arisu-image"
		},
		"arisu-layout": {
			"path": "../arisu-layout"
		},
		"arisu-text": {
			"path": "../arisu-text"
		},
		"fs": {
			"commit": "f519d3bb12365715e1b07a4db132b96d95e30e3f",
			"git": "https://github.com/lde-org/fs"
		},
		"glapi": {
			"commit": "c53fe7a1fa854523a74ef083dd586a53809dba6e",
			"git": "https://github.com/bycruz/glapi"
		},
		"hood": {
			"commit": "a3b76d865ac238d9238008f9785e06e3bfb53b71",
			"git": "https://github.com/bycruz/hood"
		},
		"path": {
			"commit": "5beb4f67e09a943c8733a1625fb34f2de94a65df",
			"git": "https://github.com/lde-org/path"
		},
		"vkapi": {
			"commit": "a8ab76df250a6b1b37dbca759b20f40fea0bb2c0",
			"git": "https://github.com/bycruz/vkapi"
		},
		"winapi": {
			"commit": "f01d2f4646a1b3e16d344bf5a7f8e29f9805f611",
			"git": "https://github.com/codebycruz/winapi",
			"optional": true
		},
		"winit": {
			"commit": "a5b54bbde20dc60bf4cf0232fba969060b81cf78",
			"git": "https://github.com/bycruz/winit"
		},
		"x11api": {
			"commit": "fa2d75b47ea0b5bd35254bcbfcff7188fbb70053",
			"git": "https://github.com/codebycruz/x11api",
			"optional": true
		}
	},
	"version": "1"
}
