{
	"dependencies": {
		"arisu-app": {
			"path": "../arisu-app"
		},
		"arisu-image": {
			"path": "../arisu-image"
		},
		"arisu-text": {
			"path": "../arisu-text"
		},
		"glapi": {
			"commit": "382def7e3aa0437d36d586c9497d6508bbb2a80f",
			"git": "https://github.com/bycruz/glapi"
		},
		"hood": {
			"commit": "7eeccd2ebf2514e48d89045fd761444e11df5503",
			"git": "https://github.com/bycruz/hood"
		},
		"vkapi": {
			"commit": "05879db6237dc2aebb66b609003df5c3a124230e",
			"git": "https://github.com/bycruz/vkapi"
		},
		"winapi": {
			"commit": "b3a6a8f040ad8216105317e0772b7b62eb783285",
			"git": "https://github.com/codebycruz/winapi",
			"optional": true
		},
		"winit": {
			"commit": "ed6af8864b130b84edcec7ce704c98c0cd189c6c",
			"git": "https://github.com/bycruz/winit"
		},
		"x11api": {
			"commit": "65f9a61a4e6e489cfb6a8c1b94ef3dd3cec656b0",
			"git": "https://github.com/codebycruz/x11api",
			"optional": true
		}
	},
	"version": "1"
}
